// !$*UTF8*$!
{
	archiveVersion = 1;
	classes = {
	};
	objectVersion = 46;
	objects = {

/* Begin PBXBuildFile section */
		0114D9541AB6BBB500569438 /* FavItem.swift in Sources */ = {isa = PBXBuildFile; fileRef = 0114D9531AB6BBB500569438 /* FavItem.swift */; };
		0114D9561AB6CBD700569438 /* FavViewController.swift in Sources */ = {isa = PBXBuildFile; fileRef = 0114D9551AB6CBD700569438 /* FavViewController.swift */; };
		0125DE531AB664EA00436EFB /* RLMSupport.swift in Sources */ = {isa = PBXBuildFile; fileRef = 0125DE521AB664EA00436EFB /* RLMSupport.swift */; };
		0125DE561AB6660200436EFB /* Item.swift in Sources */ = {isa = PBXBuildFile; fileRef = 0125DE551AB6660200436EFB /* Item.swift */; };
		0125DE581AB66C9200436EFB /* DB.swift in Sources */ = {isa = PBXBuildFile; fileRef = 0125DE571AB66C9200436EFB /* DB.swift */; };
		0141F8171AB0312100B66BF3 /* AppDelegate.swift in Sources */ = {isa = PBXBuildFile; fileRef = 0141F8161AB0312100B66BF3 /* AppDelegate.swift */; };
		0141F81E1AB0312100B66BF3 /* Main.storyboard in Resources */ = {isa = PBXBuildFile; fileRef = 0141F81C1AB0312100B66BF3 /* Main.storyboard */; };
		0141F8201AB0312100B66BF3 /* Images.xcassets in Resources */ = {isa = PBXBuildFile; fileRef = 0141F81F1AB0312100B66BF3 /* Images.xcassets */; };
		0141F8231AB0312100B66BF3 /* LaunchScreen.xib in Resources */ = {isa = PBXBuildFile; fileRef = 0141F8211AB0312100B66BF3 /* LaunchScreen.xib */; };
		0141F82F1AB0312200B66BF3 /* guangdiuTests.swift in Sources */ = {isa = PBXBuildFile; fileRef = 0141F82E1AB0312200B66BF3 /* guangdiuTests.swift */; };
		0141F83C1AB03C7900B66BF3 /* HTMLNode.swift in Sources */ = {isa = PBXBuildFile; fileRef = 0141F8391AB03C7900B66BF3 /* HTMLNode.swift */; };
		0141F83D1AB03C7900B66BF3 /* HTMLParser.swift in Sources */ = {isa = PBXBuildFile; fileRef = 0141F83A1AB03C7900B66BF3 /* HTMLParser.swift */; };
		0141F8401AB03D2200B66BF3 /* libxml2.dylib in Frameworks */ = {isa = PBXBuildFile; fileRef = 0141F83E1AB03D0200B66BF3 /* libxml2.dylib */; };
		0141F8421AB03DB400B66BF3 /* UIViewExt.swift in Sources */ = {isa = PBXBuildFile; fileRef = 0141F8411AB03DB400B66BF3 /* UIViewExt.swift */; };
		0141F8441AB03DC900B66BF3 /* GuangDiuAPI.swift in Sources */ = {isa = PBXBuildFile; fileRef = 0141F8431AB03DC900B66BF3 /* GuangDiuAPI.swift */; };
		016230D61AB046470063809D /* DetailViewController.swift in Sources */ = {isa = PBXBuildFile; fileRef = 016230D51AB046470063809D /* DetailViewController.swift */; };
		016230DC1AB0478C0063809D /* ZheKouViewController.swift in Sources */ = {isa = PBXBuildFile; fileRef = 016230DB1AB0478C0063809D /* ZheKouViewController.swift */; };
		0188E9081AC0F6E500A8F34D /* ZheKouCell.xib in Resources */ = {isa = PBXBuildFile; fileRef = 0188E9061AC0F6E500A8F34D /* ZheKouCell.xib */; };
		019104D31AB0A870009AE130 /* ZheKouViewCell.swift in Sources */ = {isa = PBXBuildFile; fileRef = 019104D21AB0A870009AE130 /* ZheKouViewCell.swift */; };
		01DD87281ABACE4D00386B0A /* FloatBtn.swift in Sources */ = {isa = PBXBuildFile; fileRef = 01DD87271ABACE4D00386B0A /* FloatBtn.swift */; };
		5880F85680D21B9C78CBDA5E /* Pods.framework in Frameworks */ = {isa = PBXBuildFile; fileRef = AE548E6822823E23F6E027D3 /* Pods.framework */; settings = {ATTRIBUTES = (Weak, ); }; };
/* End PBXBuildFile section */

/* Begin PBXContainerItemProxy section */
		0141F8291AB0312200B66BF3 /* PBXContainerItemProxy */ = {
			isa = PBXContainerItemProxy;
			containerPortal = 0141F8091AB0312100B66BF3 /* Project object */;
			proxyType = 1;
			remoteGlobalIDString = 0141F8101AB0312100B66BF3;
			remoteInfo = guangdiu;
		};
/* End PBXContainerItemProxy section */

/* Begin PBXFileReference section */
		0114D9531AB6BBB500569438 /* FavItem.swift */ = {isa = PBXFileReference; fileEncoding = 4; lastKnownFileType = sourcecode.swift; path = FavItem.swift; sourceTree = "<group>"; };
		0114D9551AB6CBD700569438 /* FavViewController.swift */ = {isa = PBXFileReference; fileEncoding = 4; lastKnownFileType = sourcecode.swift; path = FavViewController.swift; sourceTree = "<group>"; };
		0125DE521AB664EA00436EFB /* RLMSupport.swift */ = {isa = PBXFileReference; fileEncoding = 4; lastKnownFileType = sourcecode.swift; path = RLMSupport.swift; sourceTree = "<group>"; };
		0125DE551AB6660200436EFB /* Item.swift */ = {isa = PBXFileReference; fileEncoding = 4; lastKnownFileType = sourcecode.swift; path = Item.swift; sourceTree = "<group>"; };
		0125DE571AB66C9200436EFB /* DB.swift */ = {isa = PBXFileReference; fileEncoding = 4; lastKnownFileType = sourcecode.swift; path = DB.swift; sourceTree = "<group>"; };
		0141F8111AB0312100B66BF3 /* 逛丢.app */ = {isa = PBXFileReference; explicitFileType = wrapper.application; includeInIndex = 0; path = "逛丢.app"; sourceTree = BUILT_PRODUCTS_DIR; };
		0141F8151AB0312100B66BF3 /* Info.plist */ = {isa = PBXFileReference; lastKnownFileType = text.plist.xml; path = Info.plist; sourceTree = "<group>"; };
		0141F8161AB0312100B66BF3 /* AppDelegate.swift */ = {isa = PBXFileReference; lastKnownFileType = sourcecode.swift; path = AppDelegate.swift; sourceTree = "<group>"; };
		0141F81D1AB0312100B66BF3 /* Base */ = {isa = PBXFileReference; lastKnownFileType = file.storyboard; name = Base; path = Base.lproj/Main.storyboard; sourceTree = "<group>"; };
		0141F81F1AB0312100B66BF3 /* Images.xcassets */ = {isa = PBXFileReference; lastKnownFileType = folder.assetcatalog; path = Images.xcassets; sourceTree = "<group>"; };
		0141F8221AB0312100B66BF3 /* Base */ = {isa = PBXFileReference; lastKnownFileType = file.xib; name = Base; path = Base.lproj/LaunchScreen.xib; sourceTree = "<group>"; };
		0141F8281AB0312200B66BF3 /* guangdiuTests.xctest */ = {isa = PBXFileReference; explicitFileType = wrapper.cfbundle; includeInIndex = 0; path = guangdiuTests.xctest; sourceTree = BUILT_PRODUCTS_DIR; };
		0141F82D1AB0312200B66BF3 /* Info.plist */ = {isa = PBXFileReference; lastKnownFileType = text.plist.xml; path = Info.plist; sourceTree = "<group>"; };
		0141F82E1AB0312200B66BF3 /* guangdiuTests.swift */ = {isa = PBXFileReference; lastKnownFileType = sourcecode.swift; path = guangdiuTests.swift; sourceTree = "<group>"; };
		0141F8391AB03C7900B66BF3 /* HTMLNode.swift */ = {isa = PBXFileReference; fileEncoding = 4; lastKnownFileType = sourcecode.swift; path = HTMLNode.swift; sourceTree = "<group>"; };
		0141F83A1AB03C7900B66BF3 /* HTMLParser.swift */ = {isa = PBXFileReference; fileEncoding = 4; lastKnownFileType = sourcecode.swift; path = HTMLParser.swift; sourceTree = "<group>"; };
		0141F83B1AB03C7900B66BF3 /* Swift-HTML-Parser-Bridging-Header.h */ = {isa = PBXFileReference; fileEncoding = 4; lastKnownFileType = sourcecode.c.h; path = "Swift-HTML-Parser-Bridging-Header.h"; sourceTree = "<group>"; };
		0141F83E1AB03D0200B66BF3 /* libxml2.dylib */ = {isa = PBXFileReference; lastKnownFileType = "compiled.mach-o.dylib"; name = libxml2.dylib; path = usr/lib/libxml2.dylib; sourceTree = SDKROOT; };
		0141F8411AB03DB400B66BF3 /* UIViewExt.swift */ = {isa = PBXFileReference; fileEncoding = 4; lastKnownFileType = sourcecode.swift; path = UIViewExt.swift; sourceTree = "<group>"; };
		0141F8431AB03DC900B66BF3 /* GuangDiuAPI.swift */ = {isa = PBXFileReference; fileEncoding = 4; lastKnownFileType = sourcecode.swift; path = GuangDiuAPI.swift; sourceTree = "<group>"; };
		016230D51AB046470063809D /* DetailViewController.swift */ = {isa = PBXFileReference; fileEncoding = 4; lastKnownFileType = sourcecode.swift; path = DetailViewController.swift; sourceTree = "<group>"; };
		016230DB1AB0478C0063809D /* ZheKouViewController.swift */ = {isa = PBXFileReference; fileEncoding = 4; lastKnownFileType = sourcecode.swift; path = ZheKouViewController.swift; sourceTree = "<group>"; };
		0188E9061AC0F6E500A8F34D /* ZheKouCell.xib */ = {isa = PBXFileReference; fileEncoding = 4; lastKnownFileType = file.xib; path = ZheKouCell.xib; sourceTree = "<group>"; };
		019104D21AB0A870009AE130 /* ZheKouViewCell.swift */ = {isa = PBXFileReference; fileEncoding = 4; lastKnownFileType = sourcecode.swift; path = ZheKouViewCell.swift; sourceTree = "<group>"; };
		01DD87271ABACE4D00386B0A /* FloatBtn.swift */ = {isa = PBXFileReference; fileEncoding = 4; lastKnownFileType = sourcecode.swift; path = FloatBtn.swift; sourceTree = "<group>"; };
		6DA382A94AFF6B140858CF4E /* Pods.release.xcconfig */ = {isa = PBXFileReference; includeInIndex = 1; lastKnownFileType = text.xcconfig; name = Pods.release.xcconfig; path = "Pods/Target Support Files/Pods/Pods.release.xcconfig"; sourceTree = "<group>"; };
		AE548E6822823E23F6E027D3 /* Pods.framework */ = {isa = PBXFileReference; explicitFileType = wrapper.framework; includeInIndex = 0; path = Pods.framework; sourceTree = BUILT_PRODUCTS_DIR; };
		F793E8B4186F4F0BAEADCE24 /* Pods.debug.xcconfig */ = {isa = PBXFileReference; includeInIndex = 1; lastKnownFileType = text.xcconfig; name = Pods.debug.xcconfig; path = "Pods/Target Support Files/Pods/Pods.debug.xcconfig"; sourceTree = "<group>"; };
/* End PBXFileReference section */

/* Begin PBXFrameworksBuildPhase section */
		0141F80E1AB0312100B66BF3 /* Frameworks */ = {
			isa = PBXFrameworksBuildPhase;
			buildActionMask = 2147483647;
			files = (
				0141F8401AB03D2200B66BF3 /* libxml2.dylib in Frameworks */,
				5880F85680D21B9C78CBDA5E /* Pods.framework in Frameworks */,
			);
			runOnlyForDeploymentPostprocessing = 0;
		};
		0141F8251AB0312200B66BF3 /* Frameworks */ = {
			isa = PBXFrameworksBuildPhase;
			buildActionMask = 2147483647;
			files = (
			);
			runOnlyForDeploymentPostprocessing = 0;
		};
/* End PBXFrameworksBuildPhase section */

/* Begin PBXGroup section */
		0125DE541AB665C500436EFB /* models */ = {
			isa = PBXGroup;
			children = (
				0125DE551AB6660200436EFB /* Item.swift */,
				0114D9531AB6BBB500569438 /* FavItem.swift */,
			);
			name = models;
			sourceTree = "<group>";
		};
		0141F8081AB0312100B66BF3 = {
			isa = PBXGroup;
			children = (
				0141F8131AB0312100B66BF3 /* guangdiu */,
				0141F82B1AB0312200B66BF3 /* guangdiuTests */,
				0141F8121AB0312100B66BF3 /* Products */,
				E4A9CEA95906381DC1D439AC /* Pods */,
				3BC99D254014D9AA0A26D57B /* Frameworks */,
			);
			sourceTree = "<group>";
		};
		0141F8121AB0312100B66BF3 /* Products */ = {
			isa = PBXGroup;
			children = (
				0141F8111AB0312100B66BF3 /* 逛丢.app */,
				0141F8281AB0312200B66BF3 /* guangdiuTests.xctest */,
			);
			name = Products;
			sourceTree = "<group>";
		};
		0141F8131AB0312100B66BF3 /* guangdiu */ = {
			isa = PBXGroup;
			children = (
				0125DE541AB665C500436EFB /* models */,
				0141F8381AB03C7900B66BF3 /* Swift-HTML-Parser */,
				0141F8411AB03DB400B66BF3 /* UIViewExt.swift */,
				0141F8431AB03DC900B66BF3 /* GuangDiuAPI.swift */,
				0141F8161AB0312100B66BF3 /* AppDelegate.swift */,
				016230DB1AB0478C0063809D /* ZheKouViewController.swift */,
				016230D51AB046470063809D /* DetailViewController.swift */,
				0141F81C1AB0312100B66BF3 /* Main.storyboard */,
				01DD87271ABACE4D00386B0A /* FloatBtn.swift */,
				0125DE521AB664EA00436EFB /* RLMSupport.swift */,
				0141F81F1AB0312100B66BF3 /* Images.xcassets */,
				0141F8211AB0312100B66BF3 /* LaunchScreen.xib */,
				0141F8141AB0312100B66BF3 /* Supporting Files */,
				019104D21AB0A870009AE130 /* ZheKouViewCell.swift */,
				0125DE571AB66C9200436EFB /* DB.swift */,
				0114D9551AB6CBD700569438 /* FavViewController.swift */,
				0188E9061AC0F6E500A8F34D /* ZheKouCell.xib */,
			);
			path = guangdiu;
			sourceTree = "<group>";
		};
		0141F8141AB0312100B66BF3 /* Supporting Files */ = {
			isa = PBXGroup;
			children = (
				0141F8151AB0312100B66BF3 /* Info.plist */,
			);
			name = "Supporting Files";
			sourceTree = "<group>";
		};
		0141F82B1AB0312200B66BF3 /* guangdiuTests */ = {
			isa = PBXGroup;
			children = (
				0141F82E1AB0312200B66BF3 /* guangdiuTests.swift */,
				0141F82C1AB0312200B66BF3 /* Supporting Files */,
			);
			path = guangdiuTests;
			sourceTree = "<group>";
		};
		0141F82C1AB0312200B66BF3 /* Supporting Files */ = {
			isa = PBXGroup;
			children = (
				0141F82D1AB0312200B66BF3 /* Info.plist */,
			);
			name = "Supporting Files";
			sourceTree = "<group>";
		};
		0141F8381AB03C7900B66BF3 /* Swift-HTML-Parser */ = {
			isa = PBXGroup;
			children = (
				0141F8391AB03C7900B66BF3 /* HTMLNode.swift */,
				0141F83A1AB03C7900B66BF3 /* HTMLParser.swift */,
				0141F83B1AB03C7900B66BF3 /* Swift-HTML-Parser-Bridging-Header.h */,
			);
			path = "Swift-HTML-Parser";
			sourceTree = "<group>";
		};
		3BC99D254014D9AA0A26D57B /* Frameworks */ = {
			isa = PBXGroup;
			children = (
				0141F83E1AB03D0200B66BF3 /* libxml2.dylib */,
				AE548E6822823E23F6E027D3 /* Pods.framework */,
			);
			name = Frameworks;
			sourceTree = "<group>";
		};
		E4A9CEA95906381DC1D439AC /* Pods */ = {
			isa = PBXGroup;
			children = (
				F793E8B4186F4F0BAEADCE24 /* Pods.debug.xcconfig */,
				6DA382A94AFF6B140858CF4E /* Pods.release.xcconfig */,
			);
			name = Pods;
			sourceTree = "<group>";
		};
/* End PBXGroup section */

/* Begin PBXNativeTarget section */
		0141F8101AB0312100B66BF3 /* guangdiu */ = {
			isa = PBXNativeTarget;
			buildConfigurationList = 0141F8321AB0312200B66BF3 /* Build configuration list for PBXNativeTarget "guangdiu" */;
			buildPhases = (
				529A3C9D40054398B8149BDB /* Check Pods Manifest.lock */,
				0141F80D1AB0312100B66BF3 /* Sources */,
				0141F80E1AB0312100B66BF3 /* Frameworks */,
				0141F80F1AB0312100B66BF3 /* Resources */,
				F58CC4956E342108146C169D /* Embed Pods Frameworks */,
				49D3D83CB1C40A4AF0FDF48A /* Copy Pods Resources */,
				0124DB7A1AB13E5E002FE114 /* ShellScript */,
			);
			buildRules = (
			);
			dependencies = (
			);
			name = guangdiu;
			productName = guangdiu;
			productReference = 0141F8111AB0312100B66BF3 /* 逛丢.app */;
			productType = "com.apple.product-type.application";
		};
		0141F8271AB0312200B66BF3 /* guangdiuTests */ = {
			isa = PBXNativeTarget;
			buildConfigurationList = 0141F8351AB0312200B66BF3 /* Build configuration list for PBXNativeTarget "guangdiuTests" */;
			buildPhases = (
				0141F8241AB0312200B66BF3 /* Sources */,
				0141F8251AB0312200B66BF3 /* Frameworks */,
				0141F8261AB0312200B66BF3 /* Resources */,
			);
			buildRules = (
			);
			dependencies = (
				0141F82A1AB0312200B66BF3 /* PBXTargetDependency */,
			);
			name = guangdiuTests;
			productName = guangdiuTests;
			productReference = 0141F8281AB0312200B66BF3 /* guangdiuTests.xctest */;
			productType = "com.apple.product-type.bundle.unit-test";
		};
/* End PBXNativeTarget section */

/* Begin PBXProject section */
		0141F8091AB0312100B66BF3 /* Project object */ = {
			isa = PBXProject;
			attributes = {
				LastUpgradeCheck = 0610;
				ORGANIZATIONNAME = Nick;
				TargetAttributes = {
					0141F8101AB0312100B66BF3 = {
						CreatedOnToolsVersion = 6.1.1;
					};
					0141F8271AB0312200B66BF3 = {
						CreatedOnToolsVersion = 6.1.1;
						TestTargetID = 0141F8101AB0312100B66BF3;
					};
				};
			};
			buildConfigurationList = 0141F80C1AB0312100B66BF3 /* Build configuration list for PBXProject "guangdiu" */;
			compatibilityVersion = "Xcode 3.2";
			developmentRegion = English;
			hasScannedForEncodings = 0;
			knownRegions = (
				en,
				Base,
			);
			mainGroup = 0141F8081AB0312100B66BF3;
			productRefGroup = 0141F8121AB0312100B66BF3 /* Products */;
			projectDirPath = "";
			projectRoot = "";
			targets = (
				0141F8101AB0312100B66BF3 /* guangdiu */,
				0141F8271AB0312200B66BF3 /* guangdiuTests */,
			);
		};
/* End PBXProject section */

/* Begin PBXResourcesBuildPhase section */
		0141F80F1AB0312100B66BF3 /* Resources */ = {
			isa = PBXResourcesBuildPhase;
			buildActionMask = 2147483647;
			files = (
				0141F81E1AB0312100B66BF3 /* Main.storyboard in Resources */,
				0188E9081AC0F6E500A8F34D /* ZheKouCell.xib in Resources */,
				0141F8231AB0312100B66BF3 /* LaunchScreen.xib in Resources */,
				0141F8201AB0312100B66BF3 /* Images.xcassets in Resources */,
			);
			runOnlyForDeploymentPostprocessing = 0;
		};
		0141F8261AB0312200B66BF3 /* Resources */ = {
			isa = PBXResourcesBuildPhase;
			buildActionMask = 2147483647;
			files = (
			);
			runOnlyForDeploymentPostprocessing = 0;
		};
/* End PBXResourcesBuildPhase section */

/* Begin PBXShellScriptBuildPhase section */
		0124DB7A1AB13E5E002FE114 /* ShellScript */ = {
			isa = PBXShellScriptBuildPhase;
			buildActionMask = 2147483647;
			files = (
			);
			inputPaths = (
			);
			outputPaths = (
			);
			runOnlyForDeploymentPostprocessing = 0;
			shellPath = /bin/sh;
			shellScript = "export CODESIGN_ALLOCATE=/Applications/Xcode.app/Contents/Developer/Platforms/iPhoneOS.platform/Developer/usr/bin/codesign_allocate\nif [ \"${PLATFORM_NAME}\" == \"iphoneos\" ] || [ \"${PLATFORM_NAME}\" == \"ipados\" ]; then /Applications/Xcode.app/Contents/Developer/iphoneentitlements/gen_entitlements.py \"com.nick.$(PRODUCT_NAME:rfc1034identifier)guangdiu\" \"${BUILT_PRODUCTS_DIR}/${WRAPPER_NAME}/${PROJECT_NAME}.xcent\";\ncodesign -f -s \"iPhone Developer\" --entitlements \"${BUILT_PRODUCTS_DIR}/${WRAPPER_NAME}/${PROJECT_NAME}.xcent\" \"${BUILT_PRODUCTS_DIR}/${WRAPPER_NAME}/\";\nfi";
		};
		49D3D83CB1C40A4AF0FDF48A /* Copy Pods Resources */ = {
			isa = PBXShellScriptBuildPhase;
			buildActionMask = 2147483647;
			files = (
			);
			inputPaths = (
			);
			name = "Copy Pods Resources";
			outputPaths = (
			);
			runOnlyForDeploymentPostprocessing = 0;
			shellPath = /bin/sh;
			shellScript = "\"${SRCROOT}/Pods/Target Support Files/Pods/Pods-resources.sh\"\n";
			showEnvVarsInLog = 0;
		};
		529A3C9D40054398B8149BDB /* Check Pods Manifest.lock */ = {
			isa = PBXShellScriptBuildPhase;
			buildActionMask = 2147483647;
			files = (
			);
			inputPaths = (
			);
			name = "Check Pods Manifest.lock";
			outputPaths = (
			);
			runOnlyForDeploymentPostprocessing = 0;
			shellPath = /bin/sh;
			shellScript = "diff \"${PODS_ROOT}/../Podfile.lock\" \"${PODS_ROOT}/Manifest.lock\" > /dev/null\nif [[ $? != 0 ]] ; then\n    cat << EOM\nerror: The sandbox is not in sync with the Podfile.lock. Run 'pod install' or update your CocoaPods installation.\nEOM\n    exit 1\nfi\n";
			showEnvVarsInLog = 0;
		};
		F58CC4956E342108146C169D /* Embed Pods Frameworks */ = {
			isa = PBXShellScriptBuildPhase;
			buildActionMask = 2147483647;
			files = (
			);
			inputPaths = (
			);
			name = "Embed Pods Frameworks";
			outputPaths = (
			);
			runOnlyForDeploymentPostprocessing = 0;
			shellPath = /bin/sh;
			shellScript = "\"${SRCROOT}/Pods/Target Support Files/Pods/Pods-frameworks.sh\"\n";
			showEnvVarsInLog = 0;
		};
/* End PBXShellScriptBuildPhase section */

/* Begin PBXSourcesBuildPhase section */
		0141F80D1AB0312100B66BF3 /* Sources */ = {
			isa = PBXSourcesBuildPhase;
			buildActionMask = 2147483647;
			files = (
				0125DE561AB6660200436EFB /* Item.swift in Sources */,
				0125DE581AB66C9200436EFB /* DB.swift in Sources */,
				019104D31AB0A870009AE130 /* ZheKouViewCell.swift in Sources */,
				0125DE531AB664EA00436EFB /* RLMSupport.swift in Sources */,
				0114D9561AB6CBD700569438 /* FavViewController.swift in Sources */,
				0114D9541AB6BBB500569438 /* FavItem.swift in Sources */,
				0141F8421AB03DB400B66BF3 /* UIViewExt.swift in Sources */,
				0141F83C1AB03C7900B66BF3 /* HTMLNode.swift in Sources */,
				016230DC1AB0478C0063809D /* ZheKouViewController.swift in Sources */,
				0141F8441AB03DC900B66BF3 /* GuangDiuAPI.swift in Sources */,
				016230D61AB046470063809D /* DetailViewController.swift in Sources */,
				0141F8171AB0312100B66BF3 /* AppDelegate.swift in Sources */,
				0141F83D1AB03C7900B66BF3 /* HTMLParser.swift in Sources */,
				01DD87281ABACE4D00386B0A /* FloatBtn.swift in Sources */,
			);
			runOnlyForDeploymentPostprocessing = 0;
		};
		0141F8241AB0312200B66BF3 /* Sources */ = {
			isa = PBXSourcesBuildPhase;
			buildActionMask = 2147483647;
			files = (
				0141F82F1AB0312200B66BF3 /* guangdiuTests.swift in Sources */,
			);
			runOnlyForDeploymentPostprocessing = 0;
		};
/* End PBXSourcesBuildPhase section */

/* Begin PBXTargetDependency section */
		0141F82A1AB0312200B66BF3 /* PBXTargetDependency */ = {
			isa = PBXTargetDependency;
			target = 0141F8101AB0312100B66BF3 /* guangdiu */;
			targetProxy = 0141F8291AB0312200B66BF3 /* PBXContainerItemProxy */;
		};
/* End PBXTargetDependency section */

/* Begin PBXVariantGroup section */
		0141F81C1AB0312100B66BF3 /* Main.storyboard */ = {
			isa = PBXVariantGroup;
			children = (
				0141F81D1AB0312100B66BF3 /* Base */,
			);
			name = Main.storyboard;
			sourceTree = "<group>";
		};
		0141F8211AB0312100B66BF3 /* LaunchScreen.xib */ = {
			isa = PBXVariantGroup;
			children = (
				0141F8221AB0312100B66BF3 /* Base */,
			);
			name = LaunchScreen.xib;
			sourceTree = "<group>";
		};
/* End PBXVariantGroup section */

/* Begin XCBuildConfiguration section */
		0141F8301AB0312200B66BF3 /* Debug */ = {
			isa = XCBuildConfiguration;
			buildSettings = {
				ALWAYS_SEARCH_USER_PATHS = NO;
				CLANG_CXX_LANGUAGE_STANDARD = "gnu++0x";
				CLANG_CXX_LIBRARY = "libc++";
				CLANG_ENABLE_MODULES = YES;
				CLANG_ENABLE_OBJC_ARC = YES;
				CLANG_WARN_BOOL_CONVERSION = YES;
				CLANG_WARN_CONSTANT_CONVERSION = YES;
				CLANG_WARN_DIRECT_OBJC_ISA_USAGE = YES_ERROR;
				CLANG_WARN_EMPTY_BODY = YES;
				CLANG_WARN_ENUM_CONVERSION = YES;
				CLANG_WARN_INT_CONVERSION = YES;
				CLANG_WARN_OBJC_ROOT_CLASS = YES_ERROR;
				CLANG_WARN_UNREACHABLE_CODE = YES;
				CLANG_WARN__DUPLICATE_METHOD_MATCH = YES;
				CODE_SIGN_IDENTITY = "iPhone Developer";
				"CODE_SIGN_IDENTITY[sdk=iphoneos*]" = "iPhone Developer";
				COPY_PHASE_STRIP = NO;
				ENABLE_STRICT_OBJC_MSGSEND = YES;
				GCC_C_LANGUAGE_STANDARD = gnu99;
				GCC_DYNAMIC_NO_PIC = NO;
				GCC_OPTIMIZATION_LEVEL = 0;
				GCC_PREPROCESSOR_DEFINITIONS = (
					"DEBUG=1",
					"$(inherited)",
				);
				GCC_SYMBOLS_PRIVATE_EXTERN = NO;
				GCC_WARN_64_TO_32_BIT_CONVERSION = YES;
				GCC_WARN_ABOUT_RETURN_TYPE = YES_ERROR;
				GCC_WARN_UNDECLARED_SELECTOR = YES;
				GCC_WARN_UNINITIALIZED_AUTOS = YES_AGGRESSIVE;
				GCC_WARN_UNUSED_FUNCTION = YES;
				GCC_WARN_UNUSED_VARIABLE = YES;
				IPHONEOS_DEPLOYMENT_TARGET = 8.1;
				MTL_ENABLE_DEBUG_INFO = YES;
				ONLY_ACTIVE_ARCH = YES;
				SDKROOT = iphoneos;
				SWIFT_OPTIMIZATION_LEVEL = "-Onone";
			};
			name = Debug;
		};
		0141F8311AB0312200B66BF3 /* Release */ = {
			isa = XCBuildConfiguration;
			buildSettings = {
				ALWAYS_SEARCH_USER_PATHS = NO;
				CLANG_CXX_LANGUAGE_STANDARD = "gnu++0x";
				CLANG_CXX_LIBRARY = "libc++";
				CLANG_ENABLE_MODULES = YES;
				CLANG_ENABLE_OBJC_ARC = YES;
				CLANG_WARN_BOOL_CONVERSION = YES;
				CLANG_WARN_CONSTANT_CONVERSION = YES;
				CLANG_WARN_DIRECT_OBJC_ISA_USAGE = YES_ERROR;
				CLANG_WARN_EMPTY_BODY = YES;
				CLANG_WARN_ENUM_CONVERSION = YES;
				CLANG_WARN_INT_CONVERSION = YES;
				CLANG_WARN_OBJC_ROOT_CLASS = YES_ERROR;
				CLANG_WARN_UNREACHABLE_CODE = YES;
				CLANG_WARN__DUPLICATE_METHOD_MATCH = YES;
				CODE_SIGN_IDENTITY = "iPhone Developer";
				"CODE_SIGN_IDENTITY[sdk=iphoneos*]" = "iPhone Developer";
				COPY_PHASE_STRIP = YES;
				ENABLE_NS_ASSERTIONS = NO;
				ENABLE_STRICT_OBJC_MSGSEND = YES;
				GCC_C_LANGUAGE_STANDARD = gnu99;
				GCC_WARN_64_TO_32_BIT_CONVERSION = YES;
				GCC_WARN_ABOUT_RETURN_TYPE = YES_ERROR;
				GCC_WARN_UNDECLARED_SELECTOR = YES;
				GCC_WARN_UNINITIALIZED_AUTOS = YES_AGGRESSIVE;
				GCC_WARN_UNUSED_FUNCTION = YES;
				GCC_WARN_UNUSED_VARIABLE = YES;
				IPHONEOS_DEPLOYMENT_TARGET = 8.1;
				MTL_ENABLE_DEBUG_INFO = NO;
				SDKROOT = iphoneos;
				VALIDATE_PRODUCT = YES;
			};
			name = Release;
		};
		0141F8331AB0312200B66BF3 /* Debug */ = {
			isa = XCBuildConfiguration;
			baseConfigurationReference = F793E8B4186F4F0BAEADCE24 /* Pods.debug.xcconfig */;
			buildSettings = {
				ASSETCATALOG_COMPILER_APPICON_NAME = AppIcon;
				CODE_SIGN_IDENTITY = "";
				HEADER_SEARCH_PATHS = (
					"$(inherited)",
					/Applications/Xcode.app/Contents/Developer/Toolchains/XcodeDefault.xctoolchain/usr/include,
					/usr/include/libxml2,
				);
				INFOPLIST_FILE = guangdiu/Info.plist;
				LD_RUNPATH_SEARCH_PATHS = "$(inherited) @executable_path/Frameworks";
				PRODUCT_NAME = "逛丢";
				SWIFT_OBJC_BRIDGING_HEADER = "guangdiu/Swift-HTML-Parser/Swift-HTML-Parser-Bridging-Header.h";
			};
			name = Debug;
		};
		0141F8341AB0312200B66BF3 /* Release */ = {
			isa = XCBuildConfiguration;
			baseConfigurationReference = 6DA382A94AFF6B140858CF4E /* Pods.release.xcconfig */;
			buildSettings = {
				ASSETCATALOG_COMPILER_APPICON_NAME = AppIcon;
				CODE_SIGN_IDENTITY = "";
				HEADER_SEARCH_PATHS = (
					"$(inherited)",
					/Applications/Xcode.app/Contents/Developer/Toolchains/XcodeDefault.xctoolchain/usr/include,
					/usr/include/libxml2,
				);
				INFOPLIST_FILE = guangdiu/Info.plist;
				LD_RUNPATH_SEARCH_PATHS = "$(inherited) @executable_path/Frameworks";
				PRODUCT_NAME = "逛丢";
				SWIFT_OBJC_BRIDGING_HEADER = "guangdiu/Swift-HTML-Parser/Swift-HTML-Parser-Bridging-Header.h";
			};
			name = Release;
		};
		0141F8361AB0312200B66BF3 /* Debug */ = {
			isa = XCBuildConfiguration;
			buildSettings = {
				BUNDLE_LOADER = "$(TEST_HOST)";
				CODE_SIGN_IDENTITY = "";
				FRAMEWORK_SEARCH_PATHS = (
					"$(SDKROOT)/Developer/Library/Frameworks",
					"$(inherited)",
				);
				GCC_PREPROCESSOR_DEFINITIONS = (
					"DEBUG=1",
					"$(inherited)",
				);
				HEADER_SEARCH_PATHS = (
					"$(inherited)",
					/Applications/Xcode.app/Contents/Developer/Toolchains/XcodeDefault.xctoolchain/usr/include,
				);
				INFOPLIST_FILE = guangdiuTests/Info.plist;
				LD_RUNPATH_SEARCH_PATHS = "$(inherited) @executable_path/Frameworks @loader_path/Frameworks";
				PRODUCT_NAME = "$(TARGET_NAME)";
				SWIFT_OBJC_BRIDGING_HEADER = "";
				TEST_HOST = "$(BUILT_PRODUCTS_DIR)/ÈÄõ‰∏¢.app/ÈÄõ‰∏¢";
			};
			name = Debug;
		};
		0141F8371AB0312200B66BF3 /* Release */ = {
			isa = XCBuildConfiguration;
			buildSettings = {
				BUNDLE_LOADER = "$(TEST_HOST)";
				CODE_SIGN_IDENTITY = "";
				FRAMEWORK_SEARCH_PATHS = (
					"$(SDKROOT)/Developer/Library/Frameworks",
					"$(inherited)",
				);
				HEADER_SEARCH_PATHS = (
					"$(inherited)",
					/Applications/Xcode.app/Contents/Developer/Toolchains/XcodeDefault.xctoolchain/usr/include,
				);
				INFOPLIST_FILE = guangdiuTests/Info.plist;
				LD_RUNPATH_SEARCH_PATHS = "$(inherited) @executable_path/Frameworks @loader_path/Frameworks";
				PRODUCT_NAME = "$(TARGET_NAME)";
				SWIFT_OBJC_BRIDGING_HEADER = "";
				TEST_HOST = "$(BUILT_PRODUCTS_DIR)/ÈÄõ‰∏¢.app/ÈÄõ‰∏¢";
			};
			name = Release;
		};
/* End XCBuildConfiguration section */

/* Begin XCConfigurationList section */
		0141F80C1AB0312100B66BF3 /* Build configuration list for PBXProject "guangdiu" */ = {
			isa = XCConfigurationList;
			buildConfigurations = (
				0141F8301AB0312200B66BF3 /* Debug */,
				0141F8311AB0312200B66BF3 /* Release */,
			);
			defaultConfigurationIsVisible = 0;
			defaultConfigurationName = Release;
		};
		0141F8321AB0312200B66BF3 /* Build configuration list for PBXNativeTarget "guangdiu" */ = {
			isa = XCConfigurationList;
			buildConfigurations = (
				0141F8331AB0312200B66BF3 /* Debug */,
				0141F8341AB0312200B66BF3 /* Release */,
			);
			defaultConfigurationIsVisible = 0;
			defaultConfigurationName = Release;
		};
		0141F8351AB0312200B66BF3 /* Build configuration list for PBXNativeTarget "guangdiuTests" */ = {
			isa = XCConfigurationList;
			buildConfigurations = (
				0141F8361AB0312200B66BF3 /* Debug */,
				0141F8371AB0312200B66BF3 /* Release */,
			);
			defaultConfigurationIsVisible = 0;
			defaultConfigurationName = Release;
		};
/* End XCConfigurationList section */
	};
	rootObject = 0141F8091AB0312100B66BF3 /* Project object */;
}
